// !$*UTF8*$!
{
	archiveVersion = 1;
	classes = {
	};
	objectVersion = 56;
	objects = {

/* Begin PBXBuildFile section */
		60F5DFBB2A27BDF7008BACF1 /* AppDelegate.swift in Sources */ = {isa = PBXBuildFile; fileRef = 60F5DFBA2A27BDF7008BACF1 /* AppDelegate.swift */; };
		60F5DFBD2A27BDF7008BACF1 /* SceneDelegate.swift in Sources */ = {isa = PBXBuildFile; fileRef = 60F5DFBC2A27BDF7008BACF1 /* SceneDelegate.swift */; };
		60F5DFC22A27BDF7008BACF1 /* Main.storyboard in Resources */ = {isa = PBXBuildFile; fileRef = 60F5DFC02A27BDF7008BACF1 /* Main.storyboard */; };
		60F5DFC52A27BDF7008BACF1 /* NFCReaderPoc.xcdatamodeld in Sources */ = {isa = PBXBuildFile; fileRef = 60F5DFC32A27BDF7008BACF1 /* NFCReaderPoc.xcdatamodeld */; };
		60F5DFC72A27BDF7008BACF1 /* Assets.xcassets in Resources */ = {isa = PBXBuildFile; fileRef = 60F5DFC62A27BDF7008BACF1 /* Assets.xcassets */; };
		60F5DFCA2A27BDF7008BACF1 /* LaunchScreen.storyboard in Resources */ = {isa = PBXBuildFile; fileRef = 60F5DFC82A27BDF7008BACF1 /* LaunchScreen.storyboard */; };
		60F5DFD22A27BE34008BACF1 /* Constants.swift in Sources */ = {isa = PBXBuildFile; fileRef = 60F5DFD12A27BE34008BACF1 /* Constants.swift */; };
		60F5DFD42A27BE7D008BACF1 /* NFCTableViewController.swift in Sources */ = {isa = PBXBuildFile; fileRef = 60F5DFD32A27BE7D008BACF1 /* NFCTableViewController.swift */; };
		60F5DFD62A27BF5B008BACF1 /* Item.swift in Sources */ = {isa = PBXBuildFile; fileRef = 60F5DFD52A27BF5B008BACF1 /* Item.swift */; };
		60F5DFD82A27C228008BACF1 /* Factory.swift in Sources */ = {isa = PBXBuildFile; fileRef = 60F5DFD72A27C228008BACF1 /* Factory.swift */; };
/* End PBXBuildFile section */

/* Begin PBXFileReference section */
		60F5DFB72A27BDF7008BACF1 /* NFCReaderPoc.app */ = {isa = PBXFileReference; explicitFileType = wrapper.application; includeInIndex = 0; path = NFCReaderPoc.app; sourceTree = BUILT_PRODUCTS_DIR; };
		60F5DFBA2A27BDF7008BACF1 /* AppDelegate.swift */ = {isa = PBXFileReference; lastKnownFileType = sourcecode.swift; path = AppDelegate.swift; sourceTree = "<group>"; };
		60F5DFBC2A27BDF7008BACF1 /* SceneDelegate.swift */ = {isa = PBXFileReference; lastKnownFileType = sourcecode.swift; path = SceneDelegate.swift; sourceTree = "<group>"; };
		60F5DFC12A27BDF7008BACF1 /* Base */ = {isa = PBXFileReference; lastKnownFileType = file.storyboard; name = Base; path = Base.lproj/Main.storyboard; sourceTree = "<group>"; };
		60F5DFC42A27BDF7008BACF1 /* NFCReaderPoc.xcdatamodel */ = {isa = PBXFileReference; lastKnownFileType = wrapper.xcdatamodel; path = NFCReaderPoc.xcdatamodel; sourceTree = "<group>"; };
		60F5DFC62A27BDF7008BACF1 /* Assets.xcassets */ = {isa = PBXFileReference; lastKnownFileType = folder.assetcatalog; path = Assets.xcassets; sourceTree = "<group>"; };
		60F5DFC92A27BDF7008BACF1 /* Base */ = {isa = PBXFileReference; lastKnownFileType = file.storyboard; name = Base; path = Base.lproj/LaunchScreen.storyboard; sourceTree = "<group>"; };
		60F5DFCB2A27BDF7008BACF1 /* Info.plist */ = {isa = PBXFileReference; lastKnownFileType = text.plist.xml; path = Info.plist; sourceTree = "<group>"; };
		60F5DFD12A27BE34008BACF1 /* Constants.swift */ = {isa = PBXFileReference; lastKnownFileType = sourcecode.swift; path = Constants.swift; sourceTree = "<group>"; };
		60F5DFD32A27BE7D008BACF1 /* NFCTableViewController.swift */ = {isa = PBXFileReference; lastKnownFileType = sourcecode.swift; path = NFCTableViewController.swift; sourceTree = "<group>"; };
		60F5DFD52A27BF5B008BACF1 /* Item.swift */ = {isa = PBXFileReference; lastKnownFileType = sourcecode.swift; path = Item.swift; sourceTree = "<group>"; };
		60F5DFD72A27C228008BACF1 /* Factory.swift */ = {isa = PBXFileReference; lastKnownFileType = sourcecode.swift; path = Factory.swift; sourceTree = "<group>"; };
/* End PBXFileReference section */

/* Begin PBXFrameworksBuildPhase section */
		60F5DFB42A27BDF6008BACF1 /* Frameworks */ = {
			isa = PBXFrameworksBuildPhase;
			buildActionMask = 2147483647;
			files = (
			);
			runOnlyForDeploymentPostprocessing = 0;
		};
/* End PBXFrameworksBuildPhase section */

/* Begin PBXGroup section */
		60F5DFAE2A27BDF6008BACF1 = {
			isa = PBXGroup;
			children = (
				60F5DFB92A27BDF7008BACF1 /* NFCReaderPoc */,
				60F5DFB82A27BDF7008BACF1 /* Products */,
			);
			sourceTree = "<group>";
		};
		60F5DFB82A27BDF7008BACF1 /* Products */ = {
			isa = PBXGroup;
			children = (
				60F5DFB72A27BDF7008BACF1 /* NFCReaderPoc.app */,
			);
			name = Products;
			sourceTree = "<group>";
		};
		60F5DFB92A27BDF7008BACF1 /* NFCReaderPoc */ = {
			isa = PBXGroup;
			children = (
				60F5DFBA2A27BDF7008BACF1 /* AppDelegate.swift */,
				60F5DFBC2A27BDF7008BACF1 /* SceneDelegate.swift */,
				60F5DFD12A27BE34008BACF1 /* Constants.swift */,
				60F5DFD72A27C228008BACF1 /* Factory.swift */,
				60F5DFC02A27BDF7008BACF1 /* Main.storyboard */,
				60F5DFD32A27BE7D008BACF1 /* NFCTableViewController.swift */,
				60F5DFD52A27BF5B008BACF1 /* Item.swift */,
				60F5DFC62A27BDF7008BACF1 /* Assets.xcassets */,
				60F5DFC82A27BDF7008BACF1 /* LaunchScreen.storyboard */,
				60F5DFCB2A27BDF7008BACF1 /* Info.plist */,
				60F5DFC32A27BDF7008BACF1 /* NFCReaderPoc.xcdatamodeld */,
			);
			path = NFCReaderPoc;
			sourceTree = "<group>";
		};
/* End PBXGroup section */

/* Begin PBXNativeTarget section */
		60F5DFB62A27BDF6008BACF1 /* NFCReaderPoc */ = {
			isa = PBXNativeTarget;
			buildConfigurationList = 60F5DFCE2A27BDF7008BACF1 /* Build configuration list for PBXNativeTarget "NFCReaderPoc" */;
			buildPhases = (
				60F5DFB32A27BDF6008BACF1 /* Sources */,
				60F5DFB42A27BDF6008BACF1 /* Frameworks */,
				60F5DFB52A27BDF6008BACF1 /* Resources */,
			);
			buildRules = (
			);
			dependencies = (
			);
			name = NFCReaderPoc;
			productName = NFCReaderPoc;
			productReference = 60F5DFB72A27BDF7008BACF1 /* NFCReaderPoc.app */;
			productType = "com.apple.product-type.application";
		};
/* End PBXNativeTarget section */

/* Begin PBXProject section */
		60F5DFAF2A27BDF6008BACF1 /* Project object */ = {
			isa = PBXProject;
			attributes = {
				BuildIndependentTargetsInParallel = 1;
				LastSwiftUpdateCheck = 1430;
				LastUpgradeCheck = 1430;
				TargetAttributes = {
					60F5DFB62A27BDF6008BACF1 = {
						CreatedOnToolsVersion = 14.3;
					};
				};
			};
			buildConfigurationList = 60F5DFB22A27BDF6008BACF1 /* Build configuration list for PBXProject "NFCReaderPoc" */;
			compatibilityVersion = "Xcode 14.0";
			developmentRegion = en;
			hasScannedForEncodings = 0;
			knownRegions = (
				en,
				Base,
			);
			mainGroup = 60F5DFAE2A27BDF6008BACF1;
			productRefGroup = 60F5DFB82A27BDF7008BACF1 /* Products */;
			projectDirPath = "";
			projectRoot = "";
			targets = (
				60F5DFB62A27BDF6008BACF1 /* NFCReaderPoc */,
			);
		};
/* End PBXProject section */

/* Begin PBXResourcesBuildPhase section */
		60F5DFB52A27BDF6008BACF1 /* Resources */ = {
			isa = PBXResourcesBuildPhase;
			buildActionMask = 2147483647;
			files = (
				60F5DFCA2A27BDF7008BACF1 /* LaunchScreen.storyboard in Resources */,
				60F5DFC72A27BDF7008BACF1 /* Assets.xcassets in Resources */,
				60F5DFC22A27BDF7008BACF1 /* Main.storyboard in Resources */,
			);
			runOnlyForDeploymentPostprocessing = 0;
		};
/* End PBXResourcesBuildPhase section */

/* Begin PBXSourcesBuildPhase section */
		60F5DFB32A27BDF6008BACF1 /* Sources */ = {
			isa = PBXSourcesBuildPhase;
			buildActionMask = 2147483647;
			files = (
				60F5DFD42A27BE7D008BACF1 /* NFCTableViewController.swift in Sources */,
				60F5DFD22A27BE34008BACF1 /* Constants.swift in Sources */,
				60F5DFC52A27BDF7008BACF1 /* NFCReaderPoc.xcdatamodeld in Sources */,
				60F5DFBB2A27BDF7008BACF1 /* AppDelegate.swift in Sources */,
				60F5DFD62A27BF5B008BACF1 /* Item.swift in Sources */,
				60F5DFBD2A27BDF7008BACF1 /* SceneDelegate.swift in Sources */,
				60F5DFD82A27C228008BACF1 /* Factory.swift in Sources */,
			);
			runOnlyForDeploymentPostprocessing = 0;
		};
/* End PBXSourcesBuildPhase section */

/* Begin PBXVariantGroup section */
		60F5DFC02A27BDF7008BACF1 /* Main.storyboard */ = {
			isa = PBXVariantGroup;
			children = (
				60F5DFC12A27BDF7008BACF1 /* Base */,
			);
			name = Main.storyboard;
			sourceTree = "<group>";
		};
		60F5DFC82A27BDF7008BACF1 /* LaunchScreen.storyboard */ = {
			isa = PBXVariantGroup;
			children = (
				60F5DFC92A27BDF7008BACF1 /* Base */,
			);
			name = LaunchScreen.storyboard;
			sourceTree = "<group>";
		};
/* End PBXVariantGroup section */

/* Begin XCBuildConfiguration section */
		60F5DFCC2A27BDF7008BACF1 /* Debug */ = {
			isa = XCBuildConfiguration;
			buildSettings = {
				ALWAYS_SEARCH_USER_PATHS = NO;
				CLANG_ANALYZER_NONNULL = YES;
				CLANG_ANALYZER_NUMBER_OBJECT_CONVERSION = YES_AGGRESSIVE;
				CLANG_CXX_LANGUAGE_STANDARD = "gnu++20";
				CLANG_ENABLE_MODULES = YES;
				CLANG_ENABLE_OBJC_ARC = YES;
				CLANG_ENABLE_OBJC_WEAK = YES;
				CLANG_WARN_BLOCK_CAPTURE_AUTORELEASING = YES;
				CLANG_WARN_BOOL_CONVERSION = YES;
				CLANG_WARN_COMMA = YES;
				CLANG_WARN_CONSTANT_CONVERSION = YES;
				CLANG_WARN_DEPRECATED_OBJC_IMPLEMENTATIONS = YES;
				CLANG_WARN_DIRECT_OBJC_ISA_USAGE = YES_ERROR;
				CLANG_WARN_DOCUMENTATION_COMMENTS = YES;
				CLANG_WARN_EMPTY_BODY = YES;
				CLANG_WARN_ENUM_CONVERSION = YES;
				CLANG_WARN_INFINITE_RECURSION = YES;
				CLANG_WARN_INT_CONVERSION = YES;
				CLANG_WARN_NON_LITERAL_NULL_CONVERSION = YES;
				CLANG_WARN_OBJC_IMPLICIT_RETAIN_SELF = YES;
				CLANG_WARN_OBJC_LITERAL_CONVERSION = YES;
				CLANG_WARN_OBJC_ROOT_CLASS = YES_ERROR;
				CLANG_WARN_QUOTED_INCLUDE_IN_FRAMEWORK_HEADER = YES;
				CLANG_WARN_RANGE_LOOP_ANALYSIS = YES;
				CLANG_WARN_STRICT_PROTOTYPES = YES;
				CLANG_WARN_SUSPICIOUS_MOVE = YES;
				CLANG_WARN_UNGUARDED_AVAILABILITY = YES_AGGRESSIVE;
				CLANG_WARN_UNREACHABLE_CODE = YES;
				CLANG_WARN__DUPLICATE_METHOD_MATCH = YES;
				COPY_PHASE_STRIP = NO;
				DEBUG_INFORMATION_FORMAT = dwarf;
				ENABLE_STRICT_OBJC_MSGSEND = YES;
				ENABLE_TESTABILITY = YES;
				GCC_C_LANGUAGE_STANDARD = gnu11;
				GCC_DYNAMIC_NO_PIC = NO;
				GCC_NO_COMMON_BLOCKS = YES;
				GCC_OPTIMIZATION_LEVEL = 0;
				GCC_PREPROCESSOR_DEFINITIONS = (
					"DEBUG=1",
					"$(inherited)",
				);
				GCC_WARN_64_TO_32_BIT_CONVERSION = YES;
				GCC_WARN_ABOUT_RETURN_TYPE = YES_ERROR;
				GCC_WARN_UNDECLARED_SELECTOR = YES;
				GCC_WARN_UNINITIALIZED_AUTOS = YES_AGGRESSIVE;
				GCC_WARN_UNUSED_FUNCTION = YES;
				GCC_WARN_UNUSED_VARIABLE = YES;
				IPHONEOS_DEPLOYMENT_TARGET = 16.4;
				MTL_ENABLE_DEBUG_INFO = INCLUDE_SOURCE;
				MTL_FAST_MATH = YES;
				ONLY_ACTIVE_ARCH = YES;
				SDKROOT = iphoneos;
				SWIFT_ACTIVE_COMPILATION_CONDITIONS = DEBUG;
				SWIFT_OPTIMIZATION_LEVEL = "-Onone";
			};
			name = Debug;
		};
		60F5DFCD2A27BDF7008BACF1 /* Release */ = {
			isa = XCBuildConfiguration;
			buildSettings = {
				ALWAYS_SEARCH_USER_PATHS = NO;
				CLANG_ANALYZER_NONNULL = YES;
				CLANG_ANALYZER_NUMBER_OBJECT_CONVERSION = YES_AGGRESSIVE;
				CLANG_CXX_LANGUAGE_STANDARD = "gnu++20";
				CLANG_ENABLE_MODULES = YES;
				CLANG_ENABLE_OBJC_ARC = YES;
				CLANG_ENABLE_OBJC_WEAK = YES;
				CLANG_WARN_BLOCK_CAPTURE_AUTORELEASING = YES;
				CLANG_WARN_BOOL_CONVERSION = YES;
				CLANG_WARN_COMMA = YES;
				CLANG_WARN_CONSTANT_CONVERSION = YES;
				CLANG_WARN_DEPRECATED_OBJC_IMPLEMENTATIONS = YES;
				CLANG_WARN_DIRECT_OBJC_ISA_USAGE = YES_ERROR;
				CLANG_WARN_DOCUMENTATION_COMMENTS = YES;
				CLANG_WARN_EMPTY_BODY = YES;
				CLANG_WARN_ENUM_CONVERSION = YES;
				CLANG_WARN_INFINITE_RECURSION = YES;
				CLANG_WARN_INT_CONVERSION = YES;
				CLANG_WARN_NON_LITERAL_NULL_CONVERSION = YES;
				CLANG_WARN_OBJC_IMPLICIT_RETAIN_SELF = YES;
				CLANG_WARN_OBJC_LITERAL_CONVERSION = YES;
				CLANG_WARN_OBJC_ROOT_CLASS = YES_ERROR;
				CLANG_WARN_QUOTED_INCLUDE_IN_FRAMEWORK_HEADER = YES;
				CLANG_WARN_RANGE_LOOP_ANALYSIS = YES;
				CLANG_WARN_STRICT_PROTOTYPES = YES;
				CLANG_WARN_SUSPICIOUS_MOVE = YES;
				CLANG_WARN_UNGUARDED_AVAILABILITY = YES_AGGRESSIVE;
				CLANG_WARN_UNREACHABLE_CODE = YES;
				CLANG_WARN__DUPLICATE_METHOD_MATCH = YES;
				COPY_PHASE_STRIP = NO;
				DEBUG_INFORMATION_FORMAT = "dwarf-with-dsym";
				ENABLE_NS_ASSERTIONS = NO;
				ENABLE_STRICT_OBJC_MSGSEND = YES;
				GCC_C_LANGUAGE_STANDARD = gnu11;
				GCC_NO_COMMON_BLOCKS = YES;
				GCC_WARN_64_TO_32_BIT_CONVERSION = YES;
				GCC_WARN_ABOUT_RETURN_TYPE = YES_ERROR;
				GCC_WARN_UNDECLARED_SELECTOR = YES;
				GCC_WARN_UNINITIALIZED_AUTOS = YES_AGGRESSIVE;
				GCC_WARN_UNUSED_FUNCTION = YES;
				GCC_WARN_UNUSED_VARIABLE = YES;
				IPHONEOS_DEPLOYMENT_TARGET = 16.4;
				MTL_ENABLE_DEBUG_INFO = NO;
				MTL_FAST_MATH = YES;
				SDKROOT = iphoneos;
				SWIFT_COMPILATION_MODE = wholemodule;
				SWIFT_OPTIMIZATION_LEVEL = "-O";
				VALIDATE_PRODUCT = YES;
			};
			name = Release;
		};
		60F5DFCF2A27BDF7008BACF1 /* Debug */ = {
			isa = XCBuildConfiguration;
			buildSettings = {
				ASSETCATALOG_COMPILER_APPICON_NAME = AppIcon;
				ASSETCATALOG_COMPILER_GLOBAL_ACCENT_COLOR_NAME = AccentColor;
				CODE_SIGN_STYLE = Automatic;
				CURRENT_PROJECT_VERSION = 1;
				DEVELOPMENT_TEAM = TAJ6K5RR87;
				GENERATE_INFOPLIST_FILE = YES;
				INFOPLIST_FILE = NFCReaderPoc/Info.plist;
				INFOPLIST_KEY_UIApplicationSupportsIndirectInputEvents = YES;
				INFOPLIST_KEY_UILaunchStoryboardName = LaunchScreen;
				INFOPLIST_KEY_UIMainStoryboardFile = Main;
				INFOPLIST_KEY_UISupportedInterfaceOrientations_iPad = "UIInterfaceOrientationPortrait UIInterfaceOrientationPortraitUpsideDown UIInterfaceOrientationLandscapeLeft UIInterfaceOrientationLandscapeRight";
				INFOPLIST_KEY_UISupportedInterfaceOrientations_iPhone = "UIInterfaceOrientationPortrait UIInterfaceOrientationLandscapeLeft UIInterfaceOrientationLandscapeRight";
				LD_RUNPATH_SEARCH_PATHS = (
					"$(inherited)",
					"@executable_path/Frameworks",
				);
				MARKETING_VERSION = 1.0;
				PRODUCT_BUNDLE_IDENTIFIER = co.seguev.NFCReaderPoc;
				PRODUCT_NAME = "$(TARGET_NAME)";
				SWIFT_EMIT_LOC_STRINGS = YES;
				SWIFT_VERSION = 5.0;
				TARGETED_DEVICE_FAMILY = "1,2";
			};
			name = Debug;
		};
		60F5DFD02A27BDF7008BACF1 /* Release */ = {
			isa = XCBuildConfiguration;
			buildSettings = {
				ASSETCATALOG_COMPILER_APPICON_NAME = AppIcon;
				ASSETCATALOG_COMPILER_GLOBAL_ACCENT_COLOR_NAME = AccentColor;
				CODE_SIGN_STYLE = Automatic;
				CURRENT_PROJECT_VERSION = 1;
				DEVELOPMENT_TEAM = TAJ6K5RR87;
				GENERATE_INFOPLIST_FILE = YES;
				INFOPLIST_FILE = NFCReaderPoc/Info.plist;
				INFOPLIST_KEY_UIApplicationSupportsIndirectInputEvents = YES;
				INFOPLIST_KEY_UILaunchStoryboardName = LaunchScreen;
				INFOPLIST_KEY_UIMainStoryboardFile = Main;
				INFOPLIST_KEY_UISupportedInterfaceOrientations_iPad = "UIInterfaceOrientationPortrait UIInterfaceOrientationPortraitUpsideDown UIInterfaceOrientationLandscapeLeft UIInterfaceOrientationLandscapeRight";
				INFOPLIST_KEY_UISupportedInterfaceOrientations_iPhone = "UIInterfaceOrientationPortrait UIInterfaceOrientationLandscapeLeft UIInterfaceOrientationLandscapeRight";
				LD_RUNPATH_SEARCH_PATHS = (
					"$(inherited)",
					"@executable_path/Frameworks",
				);
				MARKETING_VERSION = 1.0;
				PRODUCT_BUNDLE_IDENTIFIER = co.seguev.NFCReaderPoc;
				PRODUCT_NAME = "$(TARGET_NAME)";
				SWIFT_EMIT_LOC_STRINGS = YES;
				SWIFT_VERSION = 5.0;
				TARGETED_DEVICE_FAMILY = "1,2";
			};
			name = Release;
		};
/* End XCBuildConfiguration section */

/* Begin XCConfigurationList section */
		60F5DFB22A27BDF6008BACF1 /* Build configuration list for PBXProject "NFCReaderPoc" */ = {
			isa = XCConfigurationList;
			buildConfigurations = (
				60F5DFCC2A27BDF7008BACF1 /* Debug */,
				60F5DFCD2A27BDF7008BACF1 /* Release */,
			);
			defaultConfigurationIsVisible = 0;
			defaultConfigurationName = Release;
		};
		60F5DFCE2A27BDF7008BACF1 /* Build configuration list for PBXNativeTarget "NFCReaderPoc" */ = {
			isa = XCConfigurationList;
			buildConfigurations = (
				60F5DFCF2A27BDF7008BACF1 /* Debug */,
				60F5DFD02A27BDF7008BACF1 /* Release */,
			);
			defaultConfigurationIsVisible = 0;
			defaultConfigurationName = Release;
		};
/* End XCConfigurationList section */

/* Begin XCVersionGroup section */
		60F5DFC32A27BDF7008BACF1 /* NFCReaderPoc.xcdatamodeld */ = {
			isa = XCVersionGroup;
			children = (
				60F5DFC42A27BDF7008BACF1 /* NFCReaderPoc.xcdatamodel */,
			);
			currentVersion = 60F5DFC42A27BDF7008BACF1 /* NFCReaderPoc.xcdatamodel */;
			path = NFCReaderPoc.xcdatamodeld;
			sourceTree = "<group>";
			versionGroupType = wrapper.xcdatamodel;
		};
/* End XCVersionGroup section */
	};
	rootObject = 60F5DFAF2A27BDF6008BACF1 /* Project object */;
}
